github.com/bmatcuk/doublestar/v4 v4.9.2 h1:b0mc6WyRSYLjzofB2v/0cuDUZ+MqoGyH3r0dVij35GI=
github.com/bmatcuk/doublestar/v4 v4.9.2/go.mod h1:xBQ8jztBU6kakFMg+8WGxn0c6z1fTSPVIjEY1Wr7jzc=
github.com/google/go-cmp v0.7.0 h1:wk8382ETsv4JYUZwIsn6YpYiWiBsYLSJiTsyBybVuN8=
github.com/google/go-cmp v0.7.0/go.mod h1:pXiqmnSA92OHEEa9HXL2W4E7lf9JzCmGVUdgjX3N/iU=
github.com/onsi/gomega v1.39.0 h1:y2ROC3hKFmQZJNFeGAMeHZKkjBL65mIZcvrLQBF9k6Q=
github.com/onsi/gomega v1.39.0/go.mod h1:ZCU1pkQcXDO5Sl9/VVEGlDyp+zm0m1cmeG5TOzLgdh4=
github.com/toejough/imptest v0.0.0-20260113120110-23d4c2f907db h1:CIEFPxxQuNGvDp0GH6eKJ3ZnAIoCt32c1RiLzIzSPXw=
github.com/toejough/imptest v0.0.0-20260113120110-23d4c2f907db/go.mod h1:BtO2rnsZVnkpyzeBErzM0gxHk/Xuffme6dTXuF0WRMw=
github.com/toejough/targ v0.0.0-20260114144924-da8ec6cc5aaa h1:7/MhcoanQHxzY99ayXElPupYJiNftQ0ethlryqdlE1c=
github.com/toejough/targ v0.0.0-20260114144924-da8ec6cc5aaa/go.mod h1:htC/lf+ilQzWVzF0VvuZBfz2kDRbMoKYC+MAaJbOPBk=
go.yaml.in/yaml/v3 v3.0.4 h1:tfq32ie2Jv2UxXFdLJdh3jXuOzWiL1fo0bu/FbuKpbc=
go.yaml.in/yaml/v3 v3.0.4/go.mod h1:DhzuOOF2ATzADvBadXxruRBLzYTpT36CKvDb3+aBEFg=
golang.org/x/net v0.48.0 h1:zyQRTTrjc33Lhh0fBgT/H3oZq9WuvRR5gPC70xpDiQU=
golang.org/x/net v0.48.0/go.mod h1:+ndRgGjkh8FGtu1w1FGbEC31if4VrNVMuKTgcAAnQRY=
golang.org/x/text v0.32.0 h1:ZD01bjUt1FQ9WJ0ClOL5vxgxOI/sVCNgX1YtKwcY0mU=
golang.org/x/text v0.32.0/go.mod h1:o/rUWzghvpD5TXrTIBuJU77MTaN0ljMWE47kxGJQ7jY=
gopkg.in/check.v1 v0.0.0-20161208181325-20d25e280405/go.mod h1:Co6ibVJAznAaIkqp8huTwlJQCZ016jof/cbN4VW5Yz0=
pgregory.net/rapid v1.2.0 h1:keKAYRcjm+e1F0oAuU5F5+YPAWcyxNNRK2wud503Gnk=
pgregory.net/rapid v1.2.0/go.mod h1:PY5XlDGj0+V1FCq0o192FdRhpKHGTRIWBgqjDBTrq04=
